
Microsoft Visual Studio Solution File, Format Version 12.00
# Visual Studio Version 17
VisualStudioVersion = 17.9.34723.18
MinimumVisualStudioVersion = 10.0.40219.1
Project("{9A19103F-16F7-4668-BE54-9A1E7A4F7556}") = "VolviendoACasita.UI", "VolviendoACasita\VolviendoACasita.UI.csproj", "{26EFCCF9-F201-4198-9736-CB04EA8FEC19}"
EndProject
Project("{9A19103F-16F7-4668-BE54-9A1E7A4F7556}") = "VolviendoACasita.Business", "VolviendoACasita.Business\VolviendoACasita.Business.csproj", "{1B173AE9-9374-47D4-AF69-C060E342DE11}"
EndProject
Project("{9A19103F-16F7-4668-BE54-9A1E7A4F7556}") = "VolviendoACasita.DataAccess", "VolviendoACasita.DataAccess\VolviendoACasita.DataAccess.csproj", "{51F3EB4B-B96C-4730-97E2-A2C9B7F199BF}"
EndProject
Project("{9A19103F-16F7-4668-BE54-9A1E7A4F7556}") = "VolviendoACasita.Domain", "VolviendoACasita.Domain\VolviendoACasita.Domain.csproj", "{B1653A10-C1DA-42E7-868C-E8FBD3DD707D}"
EndProject
Global
	GlobalSection(SolutionConfigurationPlatforms) = preSolution
		Debug|Any CPU = Debug|Any CPU
		Release|Any CPU = Release|Any CPU
	EndGlobalSection
	GlobalSection(ProjectConfigurationPlatforms) = postSolution
		{26EFCCF9-F201-4198-9736-CB04EA8FEC19}.Debug|Any CPU.ActiveCfg = Debug|Any CPU
		{26EFCCF9-F201-4198-9736-CB04EA8FEC19}.Debug|Any CPU.Build.0 = Debug|Any CPU
		{26EFCCF9-F201-4198-9736-CB04EA8FEC19}.Release|Any CPU.ActiveCfg = Release|Any CPU
		{26EFCCF9-F201-4198-9736-CB04EA8FEC19}.Release|Any CPU.Build.0 = Release|Any CPU
		{1B173AE9-9374-47D4-AF69-C060E342DE11}.Debug|Any CPU.ActiveCfg = Debug|Any CPU
		{1B173AE9-9374-47D4-AF69-C060E342DE11}.Debug|Any CPU.Build.0 = Debug|Any CPU
		{1B173AE9-9374-47D4-AF69-C060E342DE11}.Release|Any CPU.ActiveCfg = Release|Any CPU
		{1B173AE9-9374-47D4-AF69-C060E342DE11}.Release|Any CPU.Build.0 = Release|Any CPU
		{51F3EB4B-B96C-4730-97E2-A2C9B7F199BF}.Debug|Any CPU.ActiveCfg = Debug|Any CPU
		{51F3EB4B-B96C-4730-97E2-A2C9B7F199BF}.Debug|Any CPU.Build.0 = Debug|Any CPU
		{51F3EB4B-B96C-4730-97E2-A2C9B7F199BF}.Release|Any CPU.ActiveCfg = Release|Any CPU
		{51F3EB4B-B96C-4730-97E2-A2C9B7F199BF}.Release|Any CPU.Build.0 = Release|Any CPU
		{B1653A10-C1DA-42E7-868C-E8FBD3DD707D}.Debug|Any CPU.ActiveCfg = Debug|Any CPU
		{B1653A10-C1DA-42E7-868C-E8FBD3DD707D}.Debug|Any CPU.Build.0 = Debug|Any CPU
		{B1653A10-C1DA-42E7-868C-E8FBD3DD707D}.Release|Any CPU.ActiveCfg = Release|Any CPU
		{B1653A10-C1DA-42E7-868C-E8FBD3DD707D}.Release|Any CPU.Build.0 = Release|Any CPU
	EndGlobalSection
	GlobalSection(SolutionProperties) = preSolution
		HideSolutionNode = FALSE
	EndGlobalSection
	GlobalSection(ExtensibilityGlobals) = postSolution
		SolutionGuid = {D4B84239-B510-4C6B-984F-BEC09C46B218}
	EndGlobalSection
EndGlobal
